{
  "version": 4,
  "terraform_version": "1.3.6",
  "serial": 13,
  "lineage": "68afa62f-88e0-c46a-e5ae-e91455a55c7c",
  "outputs": {},
  "resources": [
    {
      "mode": "data",
      "type": "google_project",
      "name": "project",
      "provider": "provider[\"registry.terraform.io/hashicorp/google\"]",
      "instances": [
        {
          "schema_version": 0,
          "attributes": {
            "auto_create_network": null,
            "billing_account": "01C591-B29D36-E510EC",
            "effective_labels": {},
            "folder_id": null,
            "id": "projects/terraform-demo-project-382516",
            "labels": {},
            "name": "terraform-demo-project",
            "number": "562101408396",
            "org_id": null,
            "project_id": "terraform-demo-project-382516",
            "skip_delete": null,
            "terraform_labels": {}
          },
          "sensitive_attributes": []
        }
      ]
    },
    {
      "mode": "managed",
      "type": "google_bigquery_dataset",
      "name": "my_dataset",
      "provider": "provider[\"registry.terraform.io/hashicorp/google\"]",
      "instances": [
        {
          "schema_version": 0,
          "attributes": {
            "access": [
              {
                "dataset": [],
                "domain": "",
                "group_by_email": "",
                "iam_member": "",
                "role": "OWNER",
                "routine": [],
                "special_group": "",
                "user_by_email": "matteomenghetti24@gmail.com",
                "view": []
              },
              {
                "dataset": [],
                "domain": "",
                "group_by_email": "",
                "iam_member": "",
                "role": "OWNER",
                "routine": [],
                "special_group": "projectOwners",
                "user_by_email": "",
                "view": []
              },
              {
                "dataset": [],
                "domain": "",
                "group_by_email": "",
                "iam_member": "",
                "role": "READER",
                "routine": [],
                "special_group": "projectReaders",
                "user_by_email": "",
                "view": []
              },
              {
                "dataset": [],
                "domain": "",
                "group_by_email": "",
                "iam_member": "",
                "role": "WRITER",
                "routine": [],
                "special_group": "projectWriters",
                "user_by_email": "",
                "view": []
              }
            ],
            "creation_time": 1788574115,
            "dataset_id": "kms_dataset",
            "default_collation": "",
            "default_encryption_configuration": [
              {
                "kms_key_name": "projects/terraform-demo-project-382516/locations/europe-west1/keyRings/my-key-ring/cryptoKeys/my-crypto-key"
              }
            ],
            "default_partition_expiration_ms": 0,
            "default_table_expiration_ms": 0,
            "delete_contents_on_destroy": false,
            "description": "Encrypted with CMKE",
            "effective_labels": {},
            "etag": "hE0Q3ENjjVlLMoV4hHhDrA==",
            "friendly_name": "",
            "id": "projects/terraform-demo-project-382516/datasets/kms_dataset",
            "is_case_insensitive": false,
            "labels": {},
            "last_modified_time": 1788574115,
            "location": "europe-west1",
            "max_time_travel_hours": "",
            "project": "terraform-demo-project-382516",
            "self_link": "https://bigquery.googleapis.com/bigquery/v2/projects/terraform-demo-project-382516/datasets/kms_dataset",
            "storage_billing_model": "",
            "terraform_labels": {},
            "timeouts": null
          },
          "sensitive_attributes": [],
          "private": "eyJlMmJmYjczMC1lY2FhLTExZTYtOGY4OC0zNDM2M2JjN2M0YzAiOnsiY3JlYXRlIjoxMjAwMDAwMDAwMDAwLCJkZWxldGUiOjEyMDAwMDAwMDAwMDAsInVwZGF0ZSI6MTIwMDAwMDAwMDAwMH19",
          "dependencies": [
            "data.google_project.project",
            "google_kms_crypto_key.my_crypto_key",
            "google_kms_key_ring.my_key_ring",
            "google_project_iam_member.service_account_access"
          ]
        }
      ]
    },
    {
      "mode": "managed",
      "type": "google_kms_crypto_key",
      "name": "my_crypto_key",
      "provider": "provider[\"registry.terraform.io/hashicorp/google\"]",
      "instances": [
        {
          "schema_version": 1,
          "attributes": {
            "destroy_scheduled_duration": "2592000s",
            "effective_labels": {},
            "id": "projects/terraform-demo-project-382516/locations/europe-west1/keyRings/my-key-ring/cryptoKeys/my-crypto-key",
            "import_only": false,
            "key_ring": "projects/terraform-demo-project-382516/locations/europe-west1/keyRings/my-key-ring",
            "labels": {},
            "name": "my-crypto-key",
            "primary": [
              {
                "name": "projects/terraform-demo-project-382516/locations/europe-west1/keyRings/my-key-ring/cryptoKeys/my-crypto-key/cryptoKeyVersions/1",
                "state": "ENABLED"
              }
            ],
            "purpose": "ENCRYPT_DECRYPT",
            "rotation_period": "100000s",
            "skip_initial_version_creation": false,
            "terraform_labels": {},
            "timeouts": null,
            "version_template": [
              {
                "algorithm": "GOOGLE_SYMMETRIC_ENCRYPTION",
                "protection_level": "SOFTWARE"
              }
            ]
          },
          "sensitive_attributes": [],
          "private": "eyJlMmJmYjczMC1lY2FhLTExZTYtOGY4OC0zNDM2M2JjN2M0YzAiOnsiY3JlYXRlIjoxMjAwMDAwMDAwMDAwLCJkZWxldGUiOjEyMDAwMDAwMDAwMDAsInVwZGF0ZSI6MTIwMDAwMDAwMDAwMH0sInNjaGVtYV92ZXJzaW9uIjoiMSJ9",
          "dependencies": [
            "google_kms_key_ring.my_key_ring"
          ]
        }
      ]
    },
    {
      "mode": "managed",
      "type": "google_kms_key_ring",
      "name": "my_key_ring",
      "provider": "provider[\"registry.terraform.io/hashicorp/google\"]",
      "instances": [
        {
          "schema_version": 0,
          "attributes": {
            "id": "projects/terraform-demo-project-382516/locations/europe-west1/keyRings/my-key-ring",
            "location": "europe-west1",
            "name": "my-key-ring",
            "project": "terraform-demo-project-382516",
            "timeouts": null
          },
          "sensitive_attributes": [],
          "private": "eyJlMmJmYjczMC1lY2FhLTExZTYtOGY4OC0zNDM2M2JjN2M0YzAiOnsiY3JlYXRlIjoxMjAwMDAwMDAwMDAwLCJkZWxldGUiOjEyMDAwMDAwMDAwMDB9fQ=="
        }
      ]
    },
    {
      "mode": "managed",
      "type": "google_project_iam_member",
      "name": "gs_service_account_access",
      "provider": "provider[\"registry.terraform.io/hashicorp/google\"]",
      "instances": [
        {
          "schema_version": 0,
          "attributes": {
            "condition": [],
            "etag": "BwYUUL+tA3k=",
            "id": "terraform-demo-project-382516/roles/cloudkms.cryptoKeyEncrypterDecrypter/serviceAccount:service-562101408396@gs-project-accounts.iam.gserviceaccount.com",
            "member": "serviceAccount:service-562101408396@gs-project-accounts.iam.gserviceaccount.com",
            "project": "terraform-demo-project-382516",
            "role": "roles/cloudkms.cryptoKeyEncrypterDecrypter"
          },
          "sensitive_attributes": [],
          "private": "bnVsbA==",
          "dependencies": [
            "data.google_project.project"
          ]
        }
      ]
    },
    {
      "mode": "managed",
      "type": "google_project_iam_member",
      "name": "service_account_access",
      "provider": "provider[\"registry.terraform.io/hashicorp/google\"]",
      "instances": [
        {
          "schema_version": 0,
          "attributes": {
            "condition": [],
            "etag": "BwYUUG8CucQ=",
            "id": "terraform-demo-project-382516/roles/cloudkms.cryptoKeyEncrypterDecrypter/serviceAccount:bq-562101408396@bigquery-encryption.iam.gserviceaccount.com",
            "member": "serviceAccount:bq-562101408396@bigquery-encryption.iam.gserviceaccount.com",
            "project": "terraform-demo-project-382516",
            "role": "roles/cloudkms.cryptoKeyEncrypterDecrypter"
          },
          "sensitive_attributes": [],
          "private": "bnVsbA==",
          "dependencies": [
            "data.google_project.project"
          ]
        }
      ]
    },
    {
      "mode": "managed",
      "type": "google_storage_bucket",
      "name": "my-kms-bucket",
      "provider": "provider[\"registry.terraform.io/hashicorp/google\"]",
      "instances": [
        {
          "schema_version": 1,
          "attributes": {
            "autoclass": [],
            "cors": [],
            "custom_placement_config": [],
            "default_event_based_hold": false,
            "effective_labels": {},
            "enable_object_retention": false,
            "encryption": [
              {
                "default_kms_key_name": "projects/terraform-demo-project-382516/locations/europe-west1/keyRings/my-key-ring/cryptoKeys/my-crypto-key"
              }
            ],
            "force_destroy": false,
            "id": "562101408396-kms",
            "labels": null,
            "lifecycle_rule": [],
            "location": "EUROPE-WEST1",
            "logging": [],
            "name": "562101408396-kms",
            "project": "terraform-demo-project-382516",
            "public_access_prevention": "inherited",
            "requester_pays": false,
            "retention_policy": [],
            "rpo": null,
            "self_link": "https://www.googleapis.com/storage/v1/b/562101408396-kms",
            "storage_class": "STANDARD",
            "terraform_labels": {},
            "timeouts": null,
            "uniform_bucket_level_access": true,
            "url": "gs://562101408396-kms",
            "versioning": [],
            "website": []
          },
          "sensitive_attributes": [],
          "private": "eyJlMmJmYjczMC1lY2FhLTExZTYtOGY4OC0zNDM2M2JjN2M0YzAiOnsiY3JlYXRlIjo2MDAwMDAwMDAwMDAsInJlYWQiOjI0MDAwMDAwMDAwMCwidXBkYXRlIjoyNDAwMDAwMDAwMDB9LCJzY2hlbWFfdmVyc2lvbiI6IjEifQ==",
          "dependencies": [
            "data.google_project.project",
            "google_kms_crypto_key.my_crypto_key",
            "google_project_iam_member.gs_service_account_access"
          ]
        }
      ]
    }
  ],
  "check_results": null
}
